
Microsoft Visual Studio Solution File, Format Version 12.00
# Visual Studio Version 16
VisualStudioVersion = 16.0.29215.179
MinimumVisualStudioVersion = 10.0.40219.1
Project("{FAE04EC0-301F-11D3-BF4B-00C04F79EFBC}") = "RealityTVShows", "RealityTVShows\RealityTVShows.csproj", "{5CEE5839-B3E5-45E4-A4DB-D1B7F0762AE7}"
EndProject
Global
	GlobalSection(SolutionConfigurationPlatforms) = preSolution
		Debug|Any CPU = Debug|Any CPU
		Release|Any CPU = Release|Any CPU
	EndGlobalSection
	GlobalSection(ProjectConfigurationPlatforms) = postSolution
		{5CEE5839-B3E5-45E4-A4DB-D1B7F0762AE7}.Debug|Any CPU.ActiveCfg = Debug|Any CPU
		{5CEE5839-B3E5-45E4-A4DB-D1B7F0762AE7}.Debug|Any CPU.Build.0 = Debug|Any CPU
		{5CEE5839-B3E5-45E4-A4DB-D1B7F0762AE7}.Release|Any CPU.ActiveCfg = Release|Any CPU
		{5CEE5839-B3E5-45E4-A4DB-D1B7F0762AE7}.Release|Any CPU.Build.0 = Release|Any CPU
	EndGlobalSection
	GlobalSection(SolutionProperties) = preSolution
		HideSolutionNode = FALSE
	EndGlobalSection
	GlobalSection(ExtensibilityGlobals) = postSolution
		SolutionGuid = {FE306E08-672D-4E6B-896F-5F9D3FC6EEAC}
	EndGlobalSection
EndGlobal
